
Microsoft Visual Studio Solution File, Format Version 12.00
# Visual Studio Version 17
VisualStudioVersion = 17.6.33712.159
MinimumVisualStudioVersion = 10.0.40219.1
Project("{FAE04EC0-301F-11D3-BF4B-00C04F79EFBC}") = "Screen Sound", "Screen Sound\Screen Sound.csproj", "{7956E3C3-38A0-4777-9273-A11BB1CFF310}"
EndProject
Global
	GlobalSection(SolutionConfigurationPlatforms) = preSolution
		Debug|Any CPU = Debug|Any CPU
		Release|Any CPU = Release|Any CPU
	EndGlobalSection
	GlobalSection(ProjectConfigurationPlatforms) = postSolution
		{7956E3C3-38A0-4777-9273-A11BB1CFF310}.Debug|Any CPU.ActiveCfg = Debug|Any CPU
		{7956E3C3-38A0-4777-9273-A11BB1CFF310}.Debug|Any CPU.Build.0 = Debug|Any CPU
		{7956E3C3-38A0-4777-9273-A11BB1CFF310}.Release|Any CPU.ActiveCfg = Release|Any CPU
		{7956E3C3-38A0-4777-9273-A11BB1CFF310}.Release|Any CPU.Build.0 = Release|Any CPU
	EndGlobalSection
	GlobalSection(SolutionProperties) = preSolution
		HideSolutionNode = FALSE
	EndGlobalSection
	GlobalSection(ExtensibilityGlobals) = postSolution
		SolutionGuid = {DE0ADD0F-6FB2-4BDB-AD6D-016DAFE67AD2}
	EndGlobalSection
EndGlobal
